
Microsoft Visual Studio Solution File, Format Version 12.00
# Visual Studio Version 17
VisualStudioVersion = 17.9.34728.123
MinimumVisualStudioVersion = 10.0.40219.1
Project("{FAE04EC0-301F-11D3-BF4B-00C04F79EFBC}") = "StudentAPI", "StudentAPI\StudentAPI.csproj", "{2A572511-FB9A-474A-949C-F9B8177E9154}"
EndProject
Global
	GlobalSection(SolutionConfigurationPlatforms) = preSolution
		Debug|Any CPU = Debug|Any CPU
		Release|Any CPU = Release|Any CPU
	EndGlobalSection
	GlobalSection(ProjectConfigurationPlatforms) = postSolution
		{2A572511-FB9A-474A-949C-F9B8177E9154}.Debug|Any CPU.ActiveCfg = Debug|Any CPU
		{2A572511-FB9A-474A-949C-F9B8177E9154}.Debug|Any CPU.Build.0 = Debug|Any CPU
		{2A572511-FB9A-474A-949C-F9B8177E9154}.Release|Any CPU.ActiveCfg = Release|Any CPU
		{2A572511-FB9A-474A-949C-F9B8177E9154}.Release|Any CPU.Build.0 = Release|Any CPU
	EndGlobalSection
	GlobalSection(SolutionProperties) = preSolution
		HideSolutionNode = FALSE
	EndGlobalSection
	GlobalSection(ExtensibilityGlobals) = postSolution
		SolutionGuid = {8230001D-1A2A-4942-9067-D4DCC00142BF}
	EndGlobalSection
EndGlobal
